
Microsoft Visual Studio Solution File, Format Version 12.00
# Visual Studio 15
VisualStudioVersion = 15.0.28307.438
MinimumVisualStudioVersion = 10.0.40219.1
Project("{FAE04EC0-301F-11D3-BF4B-00C04F79EFBC}") = "IfElse", "IfElse\IfElse.csproj", "{B50271E4-9D1F-4C98-875A-9D080CE7B68F}"
EndProject
Global
	GlobalSection(SolutionConfigurationPlatforms) = preSolution
		Debug|Any CPU = Debug|Any CPU
		Release|Any CPU = Release|Any CPU
	EndGlobalSection
	GlobalSection(ProjectConfigurationPlatforms) = postSolution
		{B50271E4-9D1F-4C98-875A-9D080CE7B68F}.Debug|Any CPU.ActiveCfg = Debug|Any CPU
		{B50271E4-9D1F-4C98-875A-9D080CE7B68F}.Debug|Any CPU.Build.0 = Debug|Any CPU
		{B50271E4-9D1F-4C98-875A-9D080CE7B68F}.Release|Any CPU.ActiveCfg = Release|Any CPU
		{B50271E4-9D1F-4C98-875A-9D080CE7B68F}.Release|Any CPU.Build.0 = Release|Any CPU
	EndGlobalSection
	GlobalSection(SolutionProperties) = preSolution
		HideSolutionNode = FALSE
	EndGlobalSection
	GlobalSection(ExtensibilityGlobals) = postSolution
		SolutionGuid = {0FB855F7-BEBC-44C5-B91A-2723796966C1}
	EndGlobalSection
EndGlobal
